
Microsoft Visual Studio Solution File, Format Version 12.00
# Visual Studio Version 17
VisualStudioVersion = 17.1.32414.318
MinimumVisualStudioVersion = 10.0.40219.1
Project("{8BC9CEB8-8B4A-11D0-8D11-00A0C91BC942}") = "CKorea", "CKorea\CKorea.vcxproj", "{6EE7E797-DFFB-4290-BF0C-16B9587BD908}"
EndProject
Project("{8BC9CEB8-8B4A-11D0-8D11-00A0C91BC942}") = "CAsign", "CAsign\CAsign.vcxproj", "{0911F8C6-652F-4D62-93F6-F63AF1BB85CA}"
EndProject
Project("{8BC9CEB8-8B4A-11D0-8D11-00A0C91BC942}") = "CDialog1", "CDialog1\CDialog1.vcxproj", "{88E1972F-22E9-4536-8897-D0D14512D3BC}"
EndProject
Project("{8BC9CEB8-8B4A-11D0-8D11-00A0C91BC942}") = "CKorea1", "CKorea1\CKorea1.vcxproj", "{8DA144A9-17EB-4503-A902-B58EFD3332FE}"
EndProject
Project("{8BC9CEB8-8B4A-11D0-8D11-00A0C91BC942}") = "Calculator", "Calculator\Calculator.vcxproj", "{3159D50E-46B3-4401-A093-2D36B37B0A33}"
EndProject
Project("{8BC9CEB8-8B4A-11D0-8D11-00A0C91BC942}") = "CKorea2", "CKorea2\CKorea2.vcxproj", "{47581598-17B6-4E2F-8F22-3686B468FC74}"
EndProject
Global
	GlobalSection(SolutionConfigurationPlatforms) = preSolution
		Debug|x64 = Debug|x64
		Debug|x86 = Debug|x86
		Release|x64 = Release|x64
		Release|x86 = Release|x86
	EndGlobalSection
	GlobalSection(ProjectConfigurationPlatforms) = postSolution
		{6EE7E797-DFFB-4290-BF0C-16B9587BD908}.Debug|x64.ActiveCfg = Debug|x64
		{6EE7E797-DFFB-4290-BF0C-16B9587BD908}.Debug|x64.Build.0 = Debug|x64
		{6EE7E797-DFFB-4290-BF0C-16B9587BD908}.Debug|x86.ActiveCfg = Debug|Win32
		{6EE7E797-DFFB-4290-BF0C-16B9587BD908}.Debug|x86.Build.0 = Debug|Win32
		{6EE7E797-DFFB-4290-BF0C-16B9587BD908}.Release|x64.ActiveCfg = Release|x64
		{6EE7E797-DFFB-4290-BF0C-16B9587BD908}.Release|x64.Build.0 = Release|x64
		{6EE7E797-DFFB-4290-BF0C-16B9587BD908}.Release|x86.ActiveCfg = Release|Win32
		{6EE7E797-DFFB-4290-BF0C-16B9587BD908}.Release|x86.Build.0 = Release|Win32
		{0911F8C6-652F-4D62-93F6-F63AF1BB85CA}.Debug|x64.ActiveCfg = Debug|x64
		{0911F8C6-652F-4D62-93F6-F63AF1BB85CA}.Debug|x64.Build.0 = Debug|x64
		{0911F8C6-652F-4D62-93F6-F63AF1BB85CA}.Debug|x86.ActiveCfg = Debug|Win32
		{0911F8C6-652F-4D62-93F6-F63AF1BB85CA}.Debug|x86.Build.0 = Debug|Win32
		{0911F8C6-652F-4D62-93F6-F63AF1BB85CA}.Release|x64.ActiveCfg = Release|x64
		{0911F8C6-652F-4D62-93F6-F63AF1BB85CA}.Release|x64.Build.0 = Release|x64
		{0911F8C6-652F-4D62-93F6-F63AF1BB85CA}.Release|x86.ActiveCfg = Release|Win32
		{0911F8C6-652F-4D62-93F6-F63AF1BB85CA}.Release|x86.Build.0 = Release|Win32
		{88E1972F-22E9-4536-8897-D0D14512D3BC}.Debug|x64.ActiveCfg = Debug|x64
		{88E1972F-22E9-4536-8897-D0D14512D3BC}.Debug|x64.Build.0 = Debug|x64
		{88E1972F-22E9-4536-8897-D0D14512D3BC}.Debug|x86.ActiveCfg = Debug|Win32
		{88E1972F-22E9-4536-8897-D0D14512D3BC}.Debug|x86.Build.0 = Debug|Win32
		{88E1972F-22E9-4536-8897-D0D14512D3BC}.Release|x64.ActiveCfg = Release|x64
		{88E1972F-22E9-4536-8897-D0D14512D3BC}.Release|x64.Build.0 = Release|x64
		{88E1972F-22E9-4536-8897-D0D14512D3BC}.Release|x86.ActiveCfg = Release|Win32
		{88E1972F-22E9-4536-8897-D0D14512D3BC}.Release|x86.Build.0 = Release|Win32
		{8DA144A9-17EB-4503-A902-B58EFD3332FE}.Debug|x64.ActiveCfg = Debug|x64
		{8DA144A9-17EB-4503-A902-B58EFD3332FE}.Debug|x64.Build.0 = Debug|x64
		{8DA144A9-17EB-4503-A902-B58EFD3332FE}.Debug|x86.ActiveCfg = Debug|Win32
		{8DA144A9-17EB-4503-A902-B58EFD3332FE}.Debug|x86.Build.0 = Debug|Win32
		{8DA144A9-17EB-4503-A902-B58EFD3332FE}.Release|x64.ActiveCfg = Release|x64
		{8DA144A9-17EB-4503-A902-B58EFD3332FE}.Release|x64.Build.0 = Release|x64
		{8DA144A9-17EB-4503-A902-B58EFD3332FE}.Release|x86.ActiveCfg = Release|Win32
		{8DA144A9-17EB-4503-A902-B58EFD3332FE}.Release|x86.Build.0 = Release|Win32
		{3159D50E-46B3-4401-A093-2D36B37B0A33}.Debug|x64.ActiveCfg = Debug|x64
		{3159D50E-46B3-4401-A093-2D36B37B0A33}.Debug|x64.Build.0 = Debug|x64
		{3159D50E-46B3-4401-A093-2D36B37B0A33}.Debug|x86.ActiveCfg = Debug|Win32
		{3159D50E-46B3-4401-A093-2D36B37B0A33}.Debug|x86.Build.0 = Debug|Win32
		{3159D50E-46B3-4401-A093-2D36B37B0A33}.Release|x64.ActiveCfg = Release|x64
		{3159D50E-46B3-4401-A093-2D36B37B0A33}.Release|x64.Build.0 = Release|x64
		{3159D50E-46B3-4401-A093-2D36B37B0A33}.Release|x86.ActiveCfg = Release|Win32
		{3159D50E-46B3-4401-A093-2D36B37B0A33}.Release|x86.Build.0 = Release|Win32
		{47581598-17B6-4E2F-8F22-3686B468FC74}.Debug|x64.ActiveCfg = Debug|x64
		{47581598-17B6-4E2F-8F22-3686B468FC74}.Debug|x64.Build.0 = Debug|x64
		{47581598-17B6-4E2F-8F22-3686B468FC74}.Debug|x86.ActiveCfg = Debug|Win32
		{47581598-17B6-4E2F-8F22-3686B468FC74}.Debug|x86.Build.0 = Debug|Win32
		{47581598-17B6-4E2F-8F22-3686B468FC74}.Release|x64.ActiveCfg = Release|x64
		{47581598-17B6-4E2F-8F22-3686B468FC74}.Release|x64.Build.0 = Release|x64
		{47581598-17B6-4E2F-8F22-3686B468FC74}.Release|x86.ActiveCfg = Release|Win32
		{47581598-17B6-4E2F-8F22-3686B468FC74}.Release|x86.Build.0 = Release|Win32
	EndGlobalSection
	GlobalSection(SolutionProperties) = preSolution
		HideSolutionNode = FALSE
	EndGlobalSection
	GlobalSection(ExtensibilityGlobals) = postSolution
		SolutionGuid = {ED9E98A2-1A39-4634-8C7B-2DBC8666C1AD}
	EndGlobalSection
EndGlobal
